{
  "name": "cast-to-tv-desktop-addon",
  "requires": true,
  "lockfileVersion": 1,
  "dependencies": {
    "gstreamer-recorder": {
      "version": "1.0.0",
      "resolved": "https://registry.npmjs.org/gstreamer-recorder/-/gstreamer-recorder-1.0.0.tgz",
      "integrity": "sha512-yEMKNUDepGC2CzUt75htWhl1RPikBbFpXkTASmLzh1ksrYQNvtIKXvIjXUuHhtAe5yMJmK8TE4GSZNnXhPsJow=="
    }
  }
}
