{
  "name": "cast-to-tv-desktop-addon",
  "requires": true,
  "lockfileVersion": 1,
  "dependencies": {
    "gstreamer-recorder": {
      "version": "0.2.1",
      "resolved": "https://registry.npmjs.org/gstreamer-recorder/-/gstreamer-recorder-0.2.1.tgz",
      "integrity": "sha512-z8V4u+dYu78dcfRUbTPad1SbkBpiRcewbIIwxXyPQuVjQ5rzlluP39GnQ6RJX7xWzbT03VMWAt72hvlJnqkcVw=="
    }
  }
}
