{
  "name": "cast-to-tv-desktop-addon",
  "requires": true,
  "lockfileVersion": 1,
  "dependencies": {
    "gstreamer-recorder": {
      "version": "0.0.1",
      "resolved": "https://registry.npmjs.org/gstreamer-recorder/-/gstreamer-recorder-0.0.1.tgz",
      "integrity": "sha512-i7BGCpo16qf5OrLrEDFNUWfyw/8ZLF3EZif2J94HyA4Mgl7a+/sAiDS3ZG8f8YwT8aQyTX/8zBOoU/A/morwBg=="
    }
  }
}
